
Microsoft Visual Studio Solution File, Format Version 12.00
# Visual Studio Version 17
VisualStudioVersion = 17.8.34316.72
MinimumVisualStudioVersion = 10.0.40219.1
Project("{2150E333-8FDC-42A3-9474-1A3956D46DE8}") = "S03", "S03", "{39E6068D-3BC3-4D5B-A7FD-27401C2C3A0C}"
EndProject
Project("{2150E333-8FDC-42A3-9474-1A3956D46DE8}") = "S04", "S04", "{D92A3707-DA64-417D-B3E2-C252CC1C602A}"
EndProject
Project("{2150E333-8FDC-42A3-9474-1A3956D46DE8}") = "S05", "S05", "{05164BE4-A74C-4041-8368-0C07B79AD311}"
EndProject
Project("{9A19103F-16F7-4668-BE54-9A1E7A4F7556}") = "S03-Tamrin", "S03-Tamrin\S03-Tamrin.csproj", "{3B17E016-84D9-4BC7-9542-B21804B38DC6}"
EndProject
Project("{9A19103F-16F7-4668-BE54-9A1E7A4F7556}") = "S04-Tamrin", "S04-Tamrin\S04-Tamrin.csproj", "{5CCE2F6A-EE6E-4B6A-99AD-2CF0998FB03C}"
EndProject
Project("{9A19103F-16F7-4668-BE54-9A1E7A4F7556}") = "S05-01-switch", "S05-01-switch\S05-01-switch.csproj", "{7EBEF23D-516D-4710-9780-4D9641EFDACD}"
EndProject
Project("{9A19103F-16F7-4668-BE54-9A1E7A4F7556}") = "S05-02-Loop", "S05-02-Loop\S05-02-Loop.csproj", "{CAE439F9-64D9-4D5A-A5C9-0B8BE895B814}"
EndProject
Project("{9A19103F-16F7-4668-BE54-9A1E7A4F7556}") = "S05-03-Loop", "S05-03-Loop\S05-03-Loop.csproj", "{2F20639D-D2DE-45DA-9B40-0D859CE9AD62}"
EndProject
Project("{9A19103F-16F7-4668-BE54-9A1E7A4F7556}") = "S05-04-Loop", "S05-04-Loop\S05-04-Loop.csproj", "{689C1A43-E77F-4A1E-9C60-4A12435E4323}"
EndProject
Project("{9A19103F-16F7-4668-BE54-9A1E7A4F7556}") = "S05-05-Loop", "S05-05-Loop\S05-05-Loop.csproj", "{0BDEC30E-0841-44F4-BC58-461C42491FC4}"
EndProject
Project("{9A19103F-16F7-4668-BE54-9A1E7A4F7556}") = "S05-06-Loop", "S05-06-Loop\S05-06-Loop.csproj", "{50B7FA35-8DDA-4148-A54F-5916976A8566}"
EndProject
Project("{9A19103F-16F7-4668-BE54-9A1E7A4F7556}") = "S05-07-Loop", "S05-07-Loop\S05-07-Loop.csproj", "{AC73B4B7-A913-4A7A-B923-5150DC1B3BEE}"
EndProject
Project("{9A19103F-16F7-4668-BE54-9A1E7A4F7556}") = "S05-08-Loop", "S05-08-Loop\S05-08-Loop.csproj", "{25FBE963-BA8C-4981-9B84-484BBD44FD09}"
EndProject
Project("{9A19103F-16F7-4668-BE54-9A1E7A4F7556}") = "S05-09-List", "S05-09-List\S05-09-List.csproj", "{E8026EFC-7B01-416A-934C-663C9FAB3CFA}"
EndProject
Project("{9A19103F-16F7-4668-BE54-9A1E7A4F7556}") = "S05-10-List", "S05-10-List\S05-10-List.csproj", "{6CE426ED-B075-4938-A689-20FDC33383CA}"
EndProject
Project("{9A19103F-16F7-4668-BE54-9A1E7A4F7556}") = "S05-11-Tamrin", "S05-11-Tamrin\S05-11-Tamrin.csproj", "{02E6BB9E-E269-4754-9469-9DB47A32AB13}"
EndProject
Project("{9A19103F-16F7-4668-BE54-9A1E7A4F7556}") = "S04-07-DatetimeType", "S04-07-DatetimeType\S04-07-DatetimeType.csproj", "{8A4AB928-6B69-49CE-B720-28AA4D58884B}"
EndProject
Project("{2150E333-8FDC-42A3-9474-1A3956D46DE8}") = "S06", "S06", "{84E76052-D7E5-4982-9BB1-DD409168B6A6}"
EndProject
Project("{9A19103F-16F7-4668-BE54-9A1E7A4F7556}") = "S06-02-Class-Define", "S06-02-Class-Define\S06-02-Class-Define.csproj", "{B64B2B0E-0C93-4145-A8DD-3758467F9370}"
EndProject
Project("{9A19103F-16F7-4668-BE54-9A1E7A4F7556}") = "S06-03-namespace", "S06-03-namespace\S06-03-namespace.csproj", "{3A60C343-3434-4BEA-933B-531378371CF0}"
EndProject
Project("{9A19103F-16F7-4668-BE54-9A1E7A4F7556}") = "S06-04-methodInClass", "S06-04-methodInClass\S06-04-methodInClass.csproj", "{707D7E79-148F-477A-9111-613FEE26A50A}"
EndProject
Project("{9A19103F-16F7-4668-BE54-9A1E7A4F7556}") = "S06-05-Constactor", "S06-05-Constactor\S06-05-Constactor.csproj", "{681CB02C-7470-4E16-8C1C-2D2E1145F498}"
EndProject
Project("{9A19103F-16F7-4668-BE54-9A1E7A4F7556}") = "S06-06_thisInMethode", "S06-06_thisInMethode\S06-06_thisInMethode.csproj", "{BE15FE90-0337-473E-B59B-95C69FCC9611}"
EndProject
Project("{9A19103F-16F7-4668-BE54-9A1E7A4F7556}") = "S06-07 readonly const var", "S06-07 readonly const var\S06-07 readonly const var.csproj", "{611B9B4B-4A6A-4A86-A774-FFC5975F3F7C}"
EndProject
Project("{9A19103F-16F7-4668-BE54-9A1E7A4F7556}") = "S06-08_getter_Setter", "S06-08_getter_Setter\S06-08_getter_Setter.csproj", "{DA64C0DC-26D1-452D-8831-92EA9B202CC9}"
EndProject
Project("{9A19103F-16F7-4668-BE54-9A1E7A4F7556}") = "S06-09_Static_Class", "S06-09_Static_Class\S06-09_Static_Class.csproj", "{C0D32862-6DF8-4213-AFCE-B6326CE82F78}"
EndProject
Project("{9A19103F-16F7-4668-BE54-9A1E7A4F7556}") = "S06-10", "S06-10\S06-10.csproj", "{F9821AEE-F8AE-41B1-994E-1A690589E199}"
EndProject
Project("{9A19103F-16F7-4668-BE54-9A1E7A4F7556}") = "S06-Tamrin", "S06-Tamrin\S06-Tamrin.csproj", "{DAC0CB67-AF8B-42E9-8C93-C80B161B83FC}"
EndProject
Project("{2150E333-8FDC-42A3-9474-1A3956D46DE8}") = "S07", "S07", "{EB2399C0-254F-4A74-B193-54CF44CB1812}"
EndProject
Project("{9A19103F-16F7-4668-BE54-9A1E7A4F7556}") = "S07-01", "S07-01\S07-01.csproj", "{EECB4E28-E138-46E3-9455-9B93D2643C9C}"
EndProject
Project("{9A19103F-16F7-4668-BE54-9A1E7A4F7556}") = "S07-02", "S07-02\S07-02.csproj", "{972FB53F-28BD-4CFA-ACDF-14B424BF8D23}"
EndProject
Project("{9A19103F-16F7-4668-BE54-9A1E7A4F7556}") = "S07-03", "S07-03\S07-03.csproj", "{CB323743-C4B5-4199-B7B9-67C8C7613E81}"
EndProject
Project("{9A19103F-16F7-4668-BE54-9A1E7A4F7556}") = "S07-04_ Abstract", "S07-04_ Abstract\S07-04_ Abstract.csproj", "{6C71571E-06DC-4EDA-8542-EDA72B180D2A}"
EndProject
Project("{9A19103F-16F7-4668-BE54-9A1E7A4F7556}") = "S07-05", "S07-05\S07-05.csproj", "{05FF4400-F4AB-4642-8356-BA72186A61BA}"
EndProject
Project("{9A19103F-16F7-4668-BE54-9A1E7A4F7556}") = "S07-06 - Impelicit and explicit", "S07-06 - Impelicit and explicit\S07-06 - Impelicit and explicit.csproj", "{B26AF50E-3188-4FBA-AA04-47079C964126}"
EndProject
Project("{FAE04EC0-301F-11D3-BF4B-00C04F79EFBC}") = "S07-07", "S07-07\S07-07.csproj", "{9A6BD129-562E-4110-8E83-DAE08AA7AAC1}"
EndProject
Project("{FAE04EC0-301F-11D3-BF4B-00C04F79EFBC}") = "S07-08 Sealed", "S07-08 Sealed\S07-08 Sealed.csproj", "{BA5D03B3-950F-436A-A14C-920E51CB977F}"
EndProject
Project("{FAE04EC0-301F-11D3-BF4B-00C04F79EFBC}") = "S07-09 extention method", "S07-09 extention method\S07-09 extention method.csproj", "{FC9345B4-C719-4A92-B358-73F2C38FBC08}"
EndProject
Global
	GlobalSection(SolutionConfigurationPlatforms) = preSolution
		Debug|Any CPU = Debug|Any CPU
		Release|Any CPU = Release|Any CPU
	EndGlobalSection
	GlobalSection(ProjectConfigurationPlatforms) = postSolution
		{3B17E016-84D9-4BC7-9542-B21804B38DC6}.Debug|Any CPU.ActiveCfg = Debug|Any CPU
		{3B17E016-84D9-4BC7-9542-B21804B38DC6}.Debug|Any CPU.Build.0 = Debug|Any CPU
		{3B17E016-84D9-4BC7-9542-B21804B38DC6}.Release|Any CPU.ActiveCfg = Release|Any CPU
		{3B17E016-84D9-4BC7-9542-B21804B38DC6}.Release|Any CPU.Build.0 = Release|Any CPU
		{5CCE2F6A-EE6E-4B6A-99AD-2CF0998FB03C}.Debug|Any CPU.ActiveCfg = Debug|Any CPU
		{5CCE2F6A-EE6E-4B6A-99AD-2CF0998FB03C}.Debug|Any CPU.Build.0 = Debug|Any CPU
		{5CCE2F6A-EE6E-4B6A-99AD-2CF0998FB03C}.Release|Any CPU.ActiveCfg = Release|Any CPU
		{5CCE2F6A-EE6E-4B6A-99AD-2CF0998FB03C}.Release|Any CPU.Build.0 = Release|Any CPU
		{7EBEF23D-516D-4710-9780-4D9641EFDACD}.Debug|Any CPU.ActiveCfg = Debug|Any CPU
		{7EBEF23D-516D-4710-9780-4D9641EFDACD}.Debug|Any CPU.Build.0 = Debug|Any CPU
		{7EBEF23D-516D-4710-9780-4D9641EFDACD}.Release|Any CPU.ActiveCfg = Release|Any CPU
		{7EBEF23D-516D-4710-9780-4D9641EFDACD}.Release|Any CPU.Build.0 = Release|Any CPU
		{CAE439F9-64D9-4D5A-A5C9-0B8BE895B814}.Debug|Any CPU.ActiveCfg = Debug|Any CPU
		{CAE439F9-64D9-4D5A-A5C9-0B8BE895B814}.Debug|Any CPU.Build.0 = Debug|Any CPU
		{CAE439F9-64D9-4D5A-A5C9-0B8BE895B814}.Release|Any CPU.ActiveCfg = Release|Any CPU
		{CAE439F9-64D9-4D5A-A5C9-0B8BE895B814}.Release|Any CPU.Build.0 = Release|Any CPU
		{2F20639D-D2DE-45DA-9B40-0D859CE9AD62}.Debug|Any CPU.ActiveCfg = Debug|Any CPU
		{2F20639D-D2DE-45DA-9B40-0D859CE9AD62}.Debug|Any CPU.Build.0 = Debug|Any CPU
		{2F20639D-D2DE-45DA-9B40-0D859CE9AD62}.Release|Any CPU.ActiveCfg = Release|Any CPU
		{2F20639D-D2DE-45DA-9B40-0D859CE9AD62}.Release|Any CPU.Build.0 = Release|Any CPU
		{689C1A43-E77F-4A1E-9C60-4A12435E4323}.Debug|Any CPU.ActiveCfg = Debug|Any CPU
		{689C1A43-E77F-4A1E-9C60-4A12435E4323}.Debug|Any CPU.Build.0 = Debug|Any CPU
		{689C1A43-E77F-4A1E-9C60-4A12435E4323}.Release|Any CPU.ActiveCfg = Release|Any CPU
		{689C1A43-E77F-4A1E-9C60-4A12435E4323}.Release|Any CPU.Build.0 = Release|Any CPU
		{0BDEC30E-0841-44F4-BC58-461C42491FC4}.Debug|Any CPU.ActiveCfg = Debug|Any CPU
		{0BDEC30E-0841-44F4-BC58-461C42491FC4}.Debug|Any CPU.Build.0 = Debug|Any CPU
		{0BDEC30E-0841-44F4-BC58-461C42491FC4}.Release|Any CPU.ActiveCfg = Release|Any CPU
		{0BDEC30E-0841-44F4-BC58-461C42491FC4}.Release|Any CPU.Build.0 = Release|Any CPU
		{50B7FA35-8DDA-4148-A54F-5916976A8566}.Debug|Any CPU.ActiveCfg = Debug|Any CPU
		{50B7FA35-8DDA-4148-A54F-5916976A8566}.Debug|Any CPU.Build.0 = Debug|Any CPU
		{50B7FA35-8DDA-4148-A54F-5916976A8566}.Release|Any CPU.ActiveCfg = Release|Any CPU
		{50B7FA35-8DDA-4148-A54F-5916976A8566}.Release|Any CPU.Build.0 = Release|Any CPU
		{AC73B4B7-A913-4A7A-B923-5150DC1B3BEE}.Debug|Any CPU.ActiveCfg = Debug|Any CPU
		{AC73B4B7-A913-4A7A-B923-5150DC1B3BEE}.Debug|Any CPU.Build.0 = Debug|Any CPU
		{AC73B4B7-A913-4A7A-B923-5150DC1B3BEE}.Release|Any CPU.ActiveCfg = Release|Any CPU
		{AC73B4B7-A913-4A7A-B923-5150DC1B3BEE}.Release|Any CPU.Build.0 = Release|Any CPU
		{25FBE963-BA8C-4981-9B84-484BBD44FD09}.Debug|Any CPU.ActiveCfg = Debug|Any CPU
		{25FBE963-BA8C-4981-9B84-484BBD44FD09}.Debug|Any CPU.Build.0 = Debug|Any CPU
		{25FBE963-BA8C-4981-9B84-484BBD44FD09}.Release|Any CPU.ActiveCfg = Release|Any CPU
		{25FBE963-BA8C-4981-9B84-484BBD44FD09}.Release|Any CPU.Build.0 = Release|Any CPU
		{E8026EFC-7B01-416A-934C-663C9FAB3CFA}.Debug|Any CPU.ActiveCfg = Debug|Any CPU
		{E8026EFC-7B01-416A-934C-663C9FAB3CFA}.Debug|Any CPU.Build.0 = Debug|Any CPU
		{E8026EFC-7B01-416A-934C-663C9FAB3CFA}.Release|Any CPU.ActiveCfg = Release|Any CPU
		{E8026EFC-7B01-416A-934C-663C9FAB3CFA}.Release|Any CPU.Build.0 = Release|Any CPU
		{6CE426ED-B075-4938-A689-20FDC33383CA}.Debug|Any CPU.ActiveCfg = Debug|Any CPU
		{6CE426ED-B075-4938-A689-20FDC33383CA}.Debug|Any CPU.Build.0 = Debug|Any CPU
		{6CE426ED-B075-4938-A689-20FDC33383CA}.Release|Any CPU.ActiveCfg = Release|Any CPU
		{6CE426ED-B075-4938-A689-20FDC33383CA}.Release|Any CPU.Build.0 = Release|Any CPU
		{02E6BB9E-E269-4754-9469-9DB47A32AB13}.Debug|Any CPU.ActiveCfg = Debug|Any CPU
		{02E6BB9E-E269-4754-9469-9DB47A32AB13}.Debug|Any CPU.Build.0 = Debug|Any CPU
		{02E6BB9E-E269-4754-9469-9DB47A32AB13}.Release|Any CPU.ActiveCfg = Release|Any CPU
		{02E6BB9E-E269-4754-9469-9DB47A32AB13}.Release|Any CPU.Build.0 = Release|Any CPU
		{8A4AB928-6B69-49CE-B720-28AA4D58884B}.Debug|Any CPU.ActiveCfg = Debug|Any CPU
		{8A4AB928-6B69-49CE-B720-28AA4D58884B}.Debug|Any CPU.Build.0 = Debug|Any CPU
		{8A4AB928-6B69-49CE-B720-28AA4D58884B}.Release|Any CPU.ActiveCfg = Release|Any CPU
		{8A4AB928-6B69-49CE-B720-28AA4D58884B}.Release|Any CPU.Build.0 = Release|Any CPU
		{B64B2B0E-0C93-4145-A8DD-3758467F9370}.Debug|Any CPU.ActiveCfg = Debug|Any CPU
		{B64B2B0E-0C93-4145-A8DD-3758467F9370}.Debug|Any CPU.Build.0 = Debug|Any CPU
		{B64B2B0E-0C93-4145-A8DD-3758467F9370}.Release|Any CPU.ActiveCfg = Release|Any CPU
		{B64B2B0E-0C93-4145-A8DD-3758467F9370}.Release|Any CPU.Build.0 = Release|Any CPU
		{3A60C343-3434-4BEA-933B-531378371CF0}.Debug|Any CPU.ActiveCfg = Debug|Any CPU
		{3A60C343-3434-4BEA-933B-531378371CF0}.Debug|Any CPU.Build.0 = Debug|Any CPU
		{3A60C343-3434-4BEA-933B-531378371CF0}.Release|Any CPU.ActiveCfg = Release|Any CPU
		{3A60C343-3434-4BEA-933B-531378371CF0}.Release|Any CPU.Build.0 = Release|Any CPU
		{707D7E79-148F-477A-9111-613FEE26A50A}.Debug|Any CPU.ActiveCfg = Debug|Any CPU
		{707D7E79-148F-477A-9111-613FEE26A50A}.Debug|Any CPU.Build.0 = Debug|Any CPU
		{707D7E79-148F-477A-9111-613FEE26A50A}.Release|Any CPU.ActiveCfg = Release|Any CPU
		{707D7E79-148F-477A-9111-613FEE26A50A}.Release|Any CPU.Build.0 = Release|Any CPU
		{681CB02C-7470-4E16-8C1C-2D2E1145F498}.Debug|Any CPU.ActiveCfg = Debug|Any CPU
		{681CB02C-7470-4E16-8C1C-2D2E1145F498}.Debug|Any CPU.Build.0 = Debug|Any CPU
		{681CB02C-7470-4E16-8C1C-2D2E1145F498}.Release|Any CPU.ActiveCfg = Release|Any CPU
		{681CB02C-7470-4E16-8C1C-2D2E1145F498}.Release|Any CPU.Build.0 = Release|Any CPU
		{BE15FE90-0337-473E-B59B-95C69FCC9611}.Debug|Any CPU.ActiveCfg = Debug|Any CPU
		{BE15FE90-0337-473E-B59B-95C69FCC9611}.Debug|Any CPU.Build.0 = Debug|Any CPU
		{BE15FE90-0337-473E-B59B-95C69FCC9611}.Release|Any CPU.ActiveCfg = Release|Any CPU
		{BE15FE90-0337-473E-B59B-95C69FCC9611}.Release|Any CPU.Build.0 = Release|Any CPU
		{611B9B4B-4A6A-4A86-A774-FFC5975F3F7C}.Debug|Any CPU.ActiveCfg = Debug|Any CPU
		{611B9B4B-4A6A-4A86-A774-FFC5975F3F7C}.Debug|Any CPU.Build.0 = Debug|Any CPU
		{611B9B4B-4A6A-4A86-A774-FFC5975F3F7C}.Release|Any CPU.ActiveCfg = Release|Any CPU
		{611B9B4B-4A6A-4A86-A774-FFC5975F3F7C}.Release|Any CPU.Build.0 = Release|Any CPU
		{DA64C0DC-26D1-452D-8831-92EA9B202CC9}.Debug|Any CPU.ActiveCfg = Debug|Any CPU
		{DA64C0DC-26D1-452D-8831-92EA9B202CC9}.Debug|Any CPU.Build.0 = Debug|Any CPU
		{DA64C0DC-26D1-452D-8831-92EA9B202CC9}.Release|Any CPU.ActiveCfg = Release|Any CPU
		{DA64C0DC-26D1-452D-8831-92EA9B202CC9}.Release|Any CPU.Build.0 = Release|Any CPU
		{C0D32862-6DF8-4213-AFCE-B6326CE82F78}.Debug|Any CPU.ActiveCfg = Debug|Any CPU
		{C0D32862-6DF8-4213-AFCE-B6326CE82F78}.Debug|Any CPU.Build.0 = Debug|Any CPU
		{C0D32862-6DF8-4213-AFCE-B6326CE82F78}.Release|Any CPU.ActiveCfg = Release|Any CPU
		{C0D32862-6DF8-4213-AFCE-B6326CE82F78}.Release|Any CPU.Build.0 = Release|Any CPU
		{F9821AEE-F8AE-41B1-994E-1A690589E199}.Debug|Any CPU.ActiveCfg = Debug|Any CPU
		{F9821AEE-F8AE-41B1-994E-1A690589E199}.Debug|Any CPU.Build.0 = Debug|Any CPU
		{F9821AEE-F8AE-41B1-994E-1A690589E199}.Release|Any CPU.ActiveCfg = Release|Any CPU
		{F9821AEE-F8AE-41B1-994E-1A690589E199}.Release|Any CPU.Build.0 = Release|Any CPU
		{DAC0CB67-AF8B-42E9-8C93-C80B161B83FC}.Debug|Any CPU.ActiveCfg = Debug|Any CPU
		{DAC0CB67-AF8B-42E9-8C93-C80B161B83FC}.Debug|Any CPU.Build.0 = Debug|Any CPU
		{DAC0CB67-AF8B-42E9-8C93-C80B161B83FC}.Release|Any CPU.ActiveCfg = Release|Any CPU
		{DAC0CB67-AF8B-42E9-8C93-C80B161B83FC}.Release|Any CPU.Build.0 = Release|Any CPU
		{EECB4E28-E138-46E3-9455-9B93D2643C9C}.Debug|Any CPU.ActiveCfg = Debug|Any CPU
		{EECB4E28-E138-46E3-9455-9B93D2643C9C}.Debug|Any CPU.Build.0 = Debug|Any CPU
		{EECB4E28-E138-46E3-9455-9B93D2643C9C}.Release|Any CPU.ActiveCfg = Release|Any CPU
		{EECB4E28-E138-46E3-9455-9B93D2643C9C}.Release|Any CPU.Build.0 = Release|Any CPU
		{972FB53F-28BD-4CFA-ACDF-14B424BF8D23}.Debug|Any CPU.ActiveCfg = Debug|Any CPU
		{972FB53F-28BD-4CFA-ACDF-14B424BF8D23}.Debug|Any CPU.Build.0 = Debug|Any CPU
		{972FB53F-28BD-4CFA-ACDF-14B424BF8D23}.Release|Any CPU.ActiveCfg = Release|Any CPU
		{972FB53F-28BD-4CFA-ACDF-14B424BF8D23}.Release|Any CPU.Build.0 = Release|Any CPU
		{CB323743-C4B5-4199-B7B9-67C8C7613E81}.Debug|Any CPU.ActiveCfg = Debug|Any CPU
		{CB323743-C4B5-4199-B7B9-67C8C7613E81}.Debug|Any CPU.Build.0 = Debug|Any CPU
		{CB323743-C4B5-4199-B7B9-67C8C7613E81}.Release|Any CPU.ActiveCfg = Release|Any CPU
		{CB323743-C4B5-4199-B7B9-67C8C7613E81}.Release|Any CPU.Build.0 = Release|Any CPU
		{6C71571E-06DC-4EDA-8542-EDA72B180D2A}.Debug|Any CPU.ActiveCfg = Debug|Any CPU
		{6C71571E-06DC-4EDA-8542-EDA72B180D2A}.Debug|Any CPU.Build.0 = Debug|Any CPU
		{6C71571E-06DC-4EDA-8542-EDA72B180D2A}.Release|Any CPU.ActiveCfg = Release|Any CPU
		{6C71571E-06DC-4EDA-8542-EDA72B180D2A}.Release|Any CPU.Build.0 = Release|Any CPU
		{05FF4400-F4AB-4642-8356-BA72186A61BA}.Debug|Any CPU.ActiveCfg = Debug|Any CPU
		{05FF4400-F4AB-4642-8356-BA72186A61BA}.Debug|Any CPU.Build.0 = Debug|Any CPU
		{05FF4400-F4AB-4642-8356-BA72186A61BA}.Release|Any CPU.ActiveCfg = Release|Any CPU
		{05FF4400-F4AB-4642-8356-BA72186A61BA}.Release|Any CPU.Build.0 = Release|Any CPU
		{B26AF50E-3188-4FBA-AA04-47079C964126}.Debug|Any CPU.ActiveCfg = Debug|Any CPU
		{B26AF50E-3188-4FBA-AA04-47079C964126}.Debug|Any CPU.Build.0 = Debug|Any CPU
		{B26AF50E-3188-4FBA-AA04-47079C964126}.Release|Any CPU.ActiveCfg = Release|Any CPU
		{B26AF50E-3188-4FBA-AA04-47079C964126}.Release|Any CPU.Build.0 = Release|Any CPU
		{9A6BD129-562E-4110-8E83-DAE08AA7AAC1}.Debug|Any CPU.ActiveCfg = Debug|Any CPU
		{9A6BD129-562E-4110-8E83-DAE08AA7AAC1}.Debug|Any CPU.Build.0 = Debug|Any CPU
		{9A6BD129-562E-4110-8E83-DAE08AA7AAC1}.Release|Any CPU.ActiveCfg = Release|Any CPU
		{9A6BD129-562E-4110-8E83-DAE08AA7AAC1}.Release|Any CPU.Build.0 = Release|Any CPU
		{BA5D03B3-950F-436A-A14C-920E51CB977F}.Debug|Any CPU.ActiveCfg = Debug|Any CPU
		{BA5D03B3-950F-436A-A14C-920E51CB977F}.Debug|Any CPU.Build.0 = Debug|Any CPU
		{BA5D03B3-950F-436A-A14C-920E51CB977F}.Release|Any CPU.ActiveCfg = Release|Any CPU
		{BA5D03B3-950F-436A-A14C-920E51CB977F}.Release|Any CPU.Build.0 = Release|Any CPU
		{FC9345B4-C719-4A92-B358-73F2C38FBC08}.Debug|Any CPU.ActiveCfg = Debug|Any CPU
		{FC9345B4-C719-4A92-B358-73F2C38FBC08}.Debug|Any CPU.Build.0 = Debug|Any CPU
		{FC9345B4-C719-4A92-B358-73F2C38FBC08}.Release|Any CPU.ActiveCfg = Release|Any CPU
		{FC9345B4-C719-4A92-B358-73F2C38FBC08}.Release|Any CPU.Build.0 = Release|Any CPU
	EndGlobalSection
	GlobalSection(SolutionProperties) = preSolution
		HideSolutionNode = FALSE
	EndGlobalSection
	GlobalSection(NestedProjects) = preSolution
		{3B17E016-84D9-4BC7-9542-B21804B38DC6} = {39E6068D-3BC3-4D5B-A7FD-27401C2C3A0C}
		{5CCE2F6A-EE6E-4B6A-99AD-2CF0998FB03C} = {D92A3707-DA64-417D-B3E2-C252CC1C602A}
		{7EBEF23D-516D-4710-9780-4D9641EFDACD} = {05164BE4-A74C-4041-8368-0C07B79AD311}
		{CAE439F9-64D9-4D5A-A5C9-0B8BE895B814} = {05164BE4-A74C-4041-8368-0C07B79AD311}
		{2F20639D-D2DE-45DA-9B40-0D859CE9AD62} = {05164BE4-A74C-4041-8368-0C07B79AD311}
		{689C1A43-E77F-4A1E-9C60-4A12435E4323} = {05164BE4-A74C-4041-8368-0C07B79AD311}
		{0BDEC30E-0841-44F4-BC58-461C42491FC4} = {05164BE4-A74C-4041-8368-0C07B79AD311}
		{50B7FA35-8DDA-4148-A54F-5916976A8566} = {05164BE4-A74C-4041-8368-0C07B79AD311}
		{AC73B4B7-A913-4A7A-B923-5150DC1B3BEE} = {05164BE4-A74C-4041-8368-0C07B79AD311}
		{25FBE963-BA8C-4981-9B84-484BBD44FD09} = {05164BE4-A74C-4041-8368-0C07B79AD311}
		{E8026EFC-7B01-416A-934C-663C9FAB3CFA} = {05164BE4-A74C-4041-8368-0C07B79AD311}
		{6CE426ED-B075-4938-A689-20FDC33383CA} = {05164BE4-A74C-4041-8368-0C07B79AD311}
		{02E6BB9E-E269-4754-9469-9DB47A32AB13} = {05164BE4-A74C-4041-8368-0C07B79AD311}
		{8A4AB928-6B69-49CE-B720-28AA4D58884B} = {D92A3707-DA64-417D-B3E2-C252CC1C602A}
		{B64B2B0E-0C93-4145-A8DD-3758467F9370} = {84E76052-D7E5-4982-9BB1-DD409168B6A6}
		{3A60C343-3434-4BEA-933B-531378371CF0} = {84E76052-D7E5-4982-9BB1-DD409168B6A6}
		{707D7E79-148F-477A-9111-613FEE26A50A} = {84E76052-D7E5-4982-9BB1-DD409168B6A6}
		{681CB02C-7470-4E16-8C1C-2D2E1145F498} = {84E76052-D7E5-4982-9BB1-DD409168B6A6}
		{BE15FE90-0337-473E-B59B-95C69FCC9611} = {84E76052-D7E5-4982-9BB1-DD409168B6A6}
		{611B9B4B-4A6A-4A86-A774-FFC5975F3F7C} = {84E76052-D7E5-4982-9BB1-DD409168B6A6}
		{DA64C0DC-26D1-452D-8831-92EA9B202CC9} = {84E76052-D7E5-4982-9BB1-DD409168B6A6}
		{C0D32862-6DF8-4213-AFCE-B6326CE82F78} = {84E76052-D7E5-4982-9BB1-DD409168B6A6}
		{F9821AEE-F8AE-41B1-994E-1A690589E199} = {84E76052-D7E5-4982-9BB1-DD409168B6A6}
		{DAC0CB67-AF8B-42E9-8C93-C80B161B83FC} = {84E76052-D7E5-4982-9BB1-DD409168B6A6}
		{EECB4E28-E138-46E3-9455-9B93D2643C9C} = {EB2399C0-254F-4A74-B193-54CF44CB1812}
		{972FB53F-28BD-4CFA-ACDF-14B424BF8D23} = {EB2399C0-254F-4A74-B193-54CF44CB1812}
		{CB323743-C4B5-4199-B7B9-67C8C7613E81} = {EB2399C0-254F-4A74-B193-54CF44CB1812}
		{6C71571E-06DC-4EDA-8542-EDA72B180D2A} = {EB2399C0-254F-4A74-B193-54CF44CB1812}
		{05FF4400-F4AB-4642-8356-BA72186A61BA} = {EB2399C0-254F-4A74-B193-54CF44CB1812}
		{B26AF50E-3188-4FBA-AA04-47079C964126} = {EB2399C0-254F-4A74-B193-54CF44CB1812}
		{9A6BD129-562E-4110-8E83-DAE08AA7AAC1} = {EB2399C0-254F-4A74-B193-54CF44CB1812}
		{BA5D03B3-950F-436A-A14C-920E51CB977F} = {EB2399C0-254F-4A74-B193-54CF44CB1812}
		{FC9345B4-C719-4A92-B358-73F2C38FBC08} = {EB2399C0-254F-4A74-B193-54CF44CB1812}
	EndGlobalSection
	GlobalSection(ExtensibilityGlobals) = postSolution
		SolutionGuid = {C3ACD9AD-8A71-48C2-B573-5050496CC002}
	EndGlobalSection
EndGlobal
